
Microsoft Visual Studio Solution File, Format Version 12.00
# Visual Studio Version 17
VisualStudioVersion = 17.9.34728.123
MinimumVisualStudioVersion = 10.0.40219.1
Project("{9A19103F-16F7-4668-BE54-9A1E7A4F7556}") = "Defra.PTS.ContainerIpService.Functions", "src\Defra.PTS.ContainerIpService\Defra.PTS.ContainerIpService.Functions.csproj", "{BA151B85-C334-4A55-87F6-63F49B372BDD}"
EndProject
Project("{2150E333-8FDC-42A3-9474-1A3956D46DE8}") = "Solution Items", "Solution Items", "{D13C2D47-5159-43F4-AFB2-80765E768B89}"
	ProjectSection(SolutionItems) = preProject
		pipeline\pipeline-function.yaml = pipeline\pipeline-function.yaml
	EndProjectSection
EndProject
Global
	GlobalSection(SolutionConfigurationPlatforms) = preSolution
		Debug|Any CPU = Debug|Any CPU
		Release|Any CPU = Release|Any CPU
	EndGlobalSection
	GlobalSection(ProjectConfigurationPlatforms) = postSolution
		{BA151B85-C334-4A55-87F6-63F49B372BDD}.Debug|Any CPU.ActiveCfg = Debug|Any CPU
		{BA151B85-C334-4A55-87F6-63F49B372BDD}.Debug|Any CPU.Build.0 = Debug|Any CPU
		{BA151B85-C334-4A55-87F6-63F49B372BDD}.Release|Any CPU.ActiveCfg = Release|Any CPU
		{BA151B85-C334-4A55-87F6-63F49B372BDD}.Release|Any CPU.Build.0 = Release|Any CPU
	EndGlobalSection
	GlobalSection(SolutionProperties) = preSolution
		HideSolutionNode = FALSE
	EndGlobalSection
	GlobalSection(ExtensibilityGlobals) = postSolution
		SolutionGuid = {32A46D5B-FAEA-4042-9F4A-5C5D70F10C03}
	EndGlobalSection
EndGlobal
